
Microsoft Visual Studio Solution File, Format Version 12.00
# Visual Studio Version 17
VisualStudioVersion = 17.5.2.0
MinimumVisualStudioVersion = 10.0.40219.1
Project("{2150E333-8FDC-42A3-9474-1A3956D46DE8}") = "tools", "tools", "{07C2787E-EAC7-C090-1BA3-A61EC2A24D84}"
EndProject
Project("{2150E333-8FDC-42A3-9474-1A3956D46DE8}") = "portal", "portal", "{B1292CBF-CB5E-31CF-04F4-73CB58F131DA}"
EndProject
Project("{2150E333-8FDC-42A3-9474-1A3956D46DE8}") = "services", "services", "{5854FF58-B8C5-05C6-5BF2-ACE42193F22B}"
EndProject
Project("{FAE04EC0-301F-11D3-BF4B-00C04F79EFBC}") = "migration-wizard", "src\tools\migration-wizard\migration-wizard.csproj", "{913466DA-FF03-31F2-3A31-888566D2FABB}"
EndProject
Project("{FAE04EC0-301F-11D3-BF4B-00C04F79EFBC}") = "CloudHealthOffice.Portal.Tests", "src\portal\CloudHealthOffice.Portal.Tests\CloudHealthOffice.Portal.Tests.csproj", "{6CF973D1-08B1-C6EB-A1C0-B7197F97F6CE}"
EndProject
Project("{FAE04EC0-301F-11D3-BF4B-00C04F79EFBC}") = "CloudHealthOffice.Portal", "src\portal\CloudHealthOffice.Portal\CloudHealthOffice.Portal.csproj", "{D7C4252D-68F4-A045-E1BB-9AA12E1537A9}"
EndProject
Project("{FAE04EC0-301F-11D3-BF4B-00C04F79EFBC}") = "eligibility-service", "src\services\eligibility-service\eligibility-service.csproj", "{1A3B2777-B67E-8D86-1107-02B79E27AA84}"
EndProject
Project("{FAE04EC0-301F-11D3-BF4B-00C04F79EFBC}") = "reference-data-service", "src\services\reference-data-service\reference-data-service.csproj", "{B9C981D0-07A6-5841-641D-4E6AC5E0D21F}"
EndProject
Project("{FAE04EC0-301F-11D3-BF4B-00C04F79EFBC}") = "trading-partner-service", "src\services\trading-partner-service\trading-partner-service.csproj", "{49CA620C-E7AD-11F6-F0EA-F40D85387CAF}"
EndProject
Project("{FAE04EC0-301F-11D3-BF4B-00C04F79EFBC}") = "appeals-service", "src\services\appeals-service\appeals-service.csproj", "{AE5CCBCF-7EB9-A4FD-5AC9-D877140DB288}"
EndProject
Project("{FAE04EC0-301F-11D3-BF4B-00C04F79EFBC}") = "sponsor-service", "src\services\sponsor-service\sponsor-service.csproj", "{C00B7230-DAA8-71BE-E009-9B1B0AFAD07F}"
EndProject
Project("{2150E333-8FDC-42A3-9474-1A3956D46DE8}") = "enrollment-import-service", "enrollment-import-service", "{EE5FB827-88C2-0FEA-1B8E-AB134EC692B2}"
EndProject
Project("{FAE04EC0-301F-11D3-BF4B-00C04F79EFBC}") = "EnrollmentImportService", "src\services\enrollment-import-service\EnrollmentImportService.csproj", "{DD9894D8-F149-6FFF-FE56-21E3F6A3A09E}"
EndProject
Project("{FAE04EC0-301F-11D3-BF4B-00C04F79EFBC}") = "payment-service", "src\services\payment-service\payment-service.csproj", "{012FBC77-F3C6-8A23-E2C1-10B159271115}"
EndProject
Project("{FAE04EC0-301F-11D3-BF4B-00C04F79EFBC}") = "attachment-service", "src\services\attachment-service\attachment-service.csproj", "{CD90421B-4843-7A95-8251-69180BAB4C61}"
EndProject
Project("{FAE04EC0-301F-11D3-BF4B-00C04F79EFBC}") = "authorization-service", "src\services\authorization-service\authorization-service.csproj", "{D6F421CA-8178-6B82-2DAE-85EA61465773}"
EndProject
Project("{2150E333-8FDC-42A3-9474-1A3956D46DE8}") = "tenant-service", "tenant-service", "{ABB082B4-833B-A0CD-B655-86D7DB70B2FA}"
EndProject
Project("{FAE04EC0-301F-11D3-BF4B-00C04F79EFBC}") = "TenantService", "src\services\tenant-service\TenantService.csproj", "{EE553E63-ECA7-9CD4-0FD1-3DC37C55EADA}"
EndProject
Project("{FAE04EC0-301F-11D3-BF4B-00C04F79EFBC}") = "benefit-plan-service", "src\services\benefit-plan-service\benefit-plan-service.csproj", "{C125341E-0BEF-0C26-4AB5-B9DA4614D764}"
EndProject
Project("{FAE04EC0-301F-11D3-BF4B-00C04F79EFBC}") = "claims-service", "src\services\claims-service\claims-service.csproj", "{980C15C3-3BCC-FE29-9A07-1BB0E6568289}"
EndProject
Project("{FAE04EC0-301F-11D3-BF4B-00C04F79EFBC}") = "coverage-service", "src\services\coverage-service\coverage-service.csproj", "{9E6A3206-3C07-802D-6FAA-D4A08554FED3}"
EndProject
Project("{FAE04EC0-301F-11D3-BF4B-00C04F79EFBC}") = "member-service", "src\services\member-service\member-service.csproj", "{B32F4B80-6BB4-2ABD-DBBF-3255AD12C571}"
EndProject
Project("{FAE04EC0-301F-11D3-BF4B-00C04F79EFBC}") = "provider-service", "src\services\provider-service\provider-service.csproj", "{D46CDE63-9107-A0BA-2FDC-1DC93EAC9265}"
EndProject
Project("{2150E333-8FDC-42A3-9474-1A3956D46DE8}") = "shared", "shared", "{A5EA1F1E-CB03-3F21-7936-AD93D9E269C9}"
EndProject
Project("{FAE04EC0-301F-11D3-BF4B-00C04F79EFBC}") = "CloudHealthOffice.Infrastructure.Tests", "src\services\shared\CloudHealthOffice.Infrastructure.Tests\CloudHealthOffice.Infrastructure.Tests.csproj", "{32FD14CC-A7C7-AD95-3686-2E1CE4178D1A}"
EndProject
Project("{2150E333-8FDC-42A3-9474-1A3956D46DE8}") = "member-service (1)", "member-service (1)", "{7C6DD342-9C62-5622-C251-672FE1D912D3}"
EndProject
Project("{FAE04EC0-301F-11D3-BF4B-00C04F79EFBC}") = "MemberService.Tests", "src\services\member-service\MemberService.Tests\MemberService.Tests.csproj", "{19757CC0-AC15-1C09-2ED1-9B89645DC580}"
EndProject
Project("{2150E333-8FDC-42A3-9474-1A3956D46DE8}") = "src", "src", "{827E0CD3-B72D-47B6-A68D-7590B98EB39B}"
EndProject
Project("{2150E333-8FDC-42A3-9474-1A3956D46DE8}") = "engines", "engines", "{FAA8119B-AA7A-1BC1-126F-7760766D0C16}"
EndProject
Project("{FAE04EC0-301F-11D3-BF4B-00C04F79EFBC}") = "CloudHealthOffice.BenefitEngine", "src\engines\CloudHealthOffice.BenefitEngine\CloudHealthOffice.BenefitEngine.csproj", "{9B766A7C-B1EE-4C7F-A0CF-59EB8BFF5BB2}"
EndProject
Project("{FAE04EC0-301F-11D3-BF4B-00C04F79EFBC}") = "fhir-service", "src\services\fhir-service\fhir-service.csproj", "{DDE6CBC9-9CB2-4AA6-BB4F-F05B99003BF2}"
EndProject
Project("{FAE04EC0-301F-11D3-BF4B-00C04F79EFBC}") = "smart-auth-service", "src\services\smart-auth-service\smart-auth-service.csproj", "{FA6A2A24-E218-4DF9-B159-6E8D46EFF481}"
EndProject
Project("{2150E333-8FDC-42A3-9474-1A3956D46DE8}") = "tests", "tests", "{0AB3BF05-4346-4AA6-1389-037BE0695223}"
EndProject
Project("{FAE04EC0-301F-11D3-BF4B-00C04F79EFBC}") = "CloudHealthOffice.BenefitEngine.Tests", "tests\CloudHealthOffice.BenefitEngine.Tests\CloudHealthOffice.BenefitEngine.Tests.csproj", "{41800D55-FA29-43E0-A05F-830325284774}"
EndProject
Project("{FAE04EC0-301F-11D3-BF4B-00C04F79EFBC}") = "CloudHealthOffice.FeeScheduleEngine.Tests", "tests\CloudHealthOffice.FeeScheduleEngine.Tests\CloudHealthOffice.FeeScheduleEngine.Tests.csproj", "{E80AD2FC-5744-4878-8852-58F015C6C3FF}"
EndProject
Project("{FAE04EC0-301F-11D3-BF4B-00C04F79EFBC}") = "CloudHealthOffice.FhirService.Tests", "tests\CloudHealthOffice.FhirService.Tests\CloudHealthOffice.FhirService.Tests.csproj", "{0A977E98-DD12-4654-BB29-422C4523C24A}"
EndProject
Project("{FAE04EC0-301F-11D3-BF4B-00C04F79EFBC}") = "CloudHealthOffice.SmartAuth.Tests", "tests\CloudHealthOffice.SmartAuth.Tests\CloudHealthOffice.SmartAuth.Tests.csproj", "{E205BB9C-7305-480A-A8CA-BA872D56DB89}"
EndProject
Project("{FAE04EC0-301F-11D3-BF4B-00C04F79EFBC}") = "encounter-service", "src\services\encounter-service\encounter-service.csproj", "{A1B2C3D4-E5F6-4A5B-9C8D-7E6F5A4B3C2D}"
EndProject
Project("{FAE04EC0-301F-11D3-BF4B-00C04F79EFBC}") = "risk-adjustment-service", "src\services\risk-adjustment-service\risk-adjustment-service.csproj", "{B2C3D4E5-F6A7-4B5C-AD8E-8F7A6B5C4D3E}"
EndProject
Global
	GlobalSection(SolutionConfigurationPlatforms) = preSolution
		Debug|Any CPU = Debug|Any CPU
		Debug|x64 = Debug|x64
		Debug|x86 = Debug|x86
		Release|Any CPU = Release|Any CPU
		Release|x64 = Release|x64
		Release|x86 = Release|x86
	EndGlobalSection
	GlobalSection(ProjectConfigurationPlatforms) = postSolution
		{913466DA-FF03-31F2-3A31-888566D2FABB}.Debug|Any CPU.ActiveCfg = Debug|Any CPU
		{913466DA-FF03-31F2-3A31-888566D2FABB}.Debug|Any CPU.Build.0 = Debug|Any CPU
		{913466DA-FF03-31F2-3A31-888566D2FABB}.Debug|x64.ActiveCfg = Debug|Any CPU
		{913466DA-FF03-31F2-3A31-888566D2FABB}.Debug|x64.Build.0 = Debug|Any CPU
		{913466DA-FF03-31F2-3A31-888566D2FABB}.Debug|x86.ActiveCfg = Debug|Any CPU
		{913466DA-FF03-31F2-3A31-888566D2FABB}.Debug|x86.Build.0 = Debug|Any CPU
		{913466DA-FF03-31F2-3A31-888566D2FABB}.Release|Any CPU.ActiveCfg = Release|Any CPU
		{913466DA-FF03-31F2-3A31-888566D2FABB}.Release|Any CPU.Build.0 = Release|Any CPU
		{913466DA-FF03-31F2-3A31-888566D2FABB}.Release|x64.ActiveCfg = Release|Any CPU
		{913466DA-FF03-31F2-3A31-888566D2FABB}.Release|x64.Build.0 = Release|Any CPU
		{913466DA-FF03-31F2-3A31-888566D2FABB}.Release|x86.ActiveCfg = Release|Any CPU
		{913466DA-FF03-31F2-3A31-888566D2FABB}.Release|x86.Build.0 = Release|Any CPU
		{6CF973D1-08B1-C6EB-A1C0-B7197F97F6CE}.Debug|Any CPU.ActiveCfg = Debug|Any CPU
		{6CF973D1-08B1-C6EB-A1C0-B7197F97F6CE}.Debug|Any CPU.Build.0 = Debug|Any CPU
		{6CF973D1-08B1-C6EB-A1C0-B7197F97F6CE}.Debug|x64.ActiveCfg = Debug|Any CPU
		{6CF973D1-08B1-C6EB-A1C0-B7197F97F6CE}.Debug|x64.Build.0 = Debug|Any CPU
		{6CF973D1-08B1-C6EB-A1C0-B7197F97F6CE}.Debug|x86.ActiveCfg = Debug|Any CPU
		{6CF973D1-08B1-C6EB-A1C0-B7197F97F6CE}.Debug|x86.Build.0 = Debug|Any CPU
		{6CF973D1-08B1-C6EB-A1C0-B7197F97F6CE}.Release|Any CPU.ActiveCfg = Release|Any CPU
		{6CF973D1-08B1-C6EB-A1C0-B7197F97F6CE}.Release|Any CPU.Build.0 = Release|Any CPU
		{6CF973D1-08B1-C6EB-A1C0-B7197F97F6CE}.Release|x64.ActiveCfg = Release|Any CPU
		{6CF973D1-08B1-C6EB-A1C0-B7197F97F6CE}.Release|x64.Build.0 = Release|Any CPU
		{6CF973D1-08B1-C6EB-A1C0-B7197F97F6CE}.Release|x86.ActiveCfg = Release|Any CPU
		{6CF973D1-08B1-C6EB-A1C0-B7197F97F6CE}.Release|x86.Build.0 = Release|Any CPU
		{D7C4252D-68F4-A045-E1BB-9AA12E1537A9}.Debug|Any CPU.ActiveCfg = Debug|Any CPU
		{D7C4252D-68F4-A045-E1BB-9AA12E1537A9}.Debug|Any CPU.Build.0 = Debug|Any CPU
		{D7C4252D-68F4-A045-E1BB-9AA12E1537A9}.Debug|x64.ActiveCfg = Debug|Any CPU
		{D7C4252D-68F4-A045-E1BB-9AA12E1537A9}.Debug|x64.Build.0 = Debug|Any CPU
		{D7C4252D-68F4-A045-E1BB-9AA12E1537A9}.Debug|x86.ActiveCfg = Debug|Any CPU
		{D7C4252D-68F4-A045-E1BB-9AA12E1537A9}.Debug|x86.Build.0 = Debug|Any CPU
		{D7C4252D-68F4-A045-E1BB-9AA12E1537A9}.Release|Any CPU.ActiveCfg = Release|Any CPU
		{D7C4252D-68F4-A045-E1BB-9AA12E1537A9}.Release|Any CPU.Build.0 = Release|Any CPU
		{D7C4252D-68F4-A045-E1BB-9AA12E1537A9}.Release|x64.ActiveCfg = Release|Any CPU
		{D7C4252D-68F4-A045-E1BB-9AA12E1537A9}.Release|x64.Build.0 = Release|Any CPU
		{D7C4252D-68F4-A045-E1BB-9AA12E1537A9}.Release|x86.ActiveCfg = Release|Any CPU
		{D7C4252D-68F4-A045-E1BB-9AA12E1537A9}.Release|x86.Build.0 = Release|Any CPU
		{1A3B2777-B67E-8D86-1107-02B79E27AA84}.Debug|Any CPU.ActiveCfg = Debug|Any CPU
		{1A3B2777-B67E-8D86-1107-02B79E27AA84}.Debug|Any CPU.Build.0 = Debug|Any CPU
		{1A3B2777-B67E-8D86-1107-02B79E27AA84}.Debug|x64.ActiveCfg = Debug|Any CPU
		{1A3B2777-B67E-8D86-1107-02B79E27AA84}.Debug|x64.Build.0 = Debug|Any CPU
		{1A3B2777-B67E-8D86-1107-02B79E27AA84}.Debug|x86.ActiveCfg = Debug|Any CPU
		{1A3B2777-B67E-8D86-1107-02B79E27AA84}.Debug|x86.Build.0 = Debug|Any CPU
		{1A3B2777-B67E-8D86-1107-02B79E27AA84}.Release|Any CPU.ActiveCfg = Release|Any CPU
		{1A3B2777-B67E-8D86-1107-02B79E27AA84}.Release|Any CPU.Build.0 = Release|Any CPU
		{1A3B2777-B67E-8D86-1107-02B79E27AA84}.Release|x64.ActiveCfg = Release|Any CPU
		{1A3B2777-B67E-8D86-1107-02B79E27AA84}.Release|x64.Build.0 = Release|Any CPU
		{1A3B2777-B67E-8D86-1107-02B79E27AA84}.Release|x86.ActiveCfg = Release|Any CPU
		{1A3B2777-B67E-8D86-1107-02B79E27AA84}.Release|x86.Build.0 = Release|Any CPU
		{B9C981D0-07A6-5841-641D-4E6AC5E0D21F}.Debug|Any CPU.ActiveCfg = Debug|Any CPU
		{B9C981D0-07A6-5841-641D-4E6AC5E0D21F}.Debug|Any CPU.Build.0 = Debug|Any CPU
		{B9C981D0-07A6-5841-641D-4E6AC5E0D21F}.Debug|x64.ActiveCfg = Debug|Any CPU
		{B9C981D0-07A6-5841-641D-4E6AC5E0D21F}.Debug|x64.Build.0 = Debug|Any CPU
		{B9C981D0-07A6-5841-641D-4E6AC5E0D21F}.Debug|x86.ActiveCfg = Debug|Any CPU
		{B9C981D0-07A6-5841-641D-4E6AC5E0D21F}.Debug|x86.Build.0 = Debug|Any CPU
		{B9C981D0-07A6-5841-641D-4E6AC5E0D21F}.Release|Any CPU.ActiveCfg = Release|Any CPU
		{B9C981D0-07A6-5841-641D-4E6AC5E0D21F}.Release|Any CPU.Build.0 = Release|Any CPU
		{B9C981D0-07A6-5841-641D-4E6AC5E0D21F}.Release|x64.ActiveCfg = Release|Any CPU
		{B9C981D0-07A6-5841-641D-4E6AC5E0D21F}.Release|x64.Build.0 = Release|Any CPU
		{B9C981D0-07A6-5841-641D-4E6AC5E0D21F}.Release|x86.ActiveCfg = Release|Any CPU
		{B9C981D0-07A6-5841-641D-4E6AC5E0D21F}.Release|x86.Build.0 = Release|Any CPU
		{49CA620C-E7AD-11F6-F0EA-F40D85387CAF}.Debug|Any CPU.ActiveCfg = Debug|Any CPU
		{49CA620C-E7AD-11F6-F0EA-F40D85387CAF}.Debug|Any CPU.Build.0 = Debug|Any CPU
		{49CA620C-E7AD-11F6-F0EA-F40D85387CAF}.Debug|x64.ActiveCfg = Debug|Any CPU
		{49CA620C-E7AD-11F6-F0EA-F40D85387CAF}.Debug|x64.Build.0 = Debug|Any CPU
		{49CA620C-E7AD-11F6-F0EA-F40D85387CAF}.Debug|x86.ActiveCfg = Debug|Any CPU
		{49CA620C-E7AD-11F6-F0EA-F40D85387CAF}.Debug|x86.Build.0 = Debug|Any CPU
		{49CA620C-E7AD-11F6-F0EA-F40D85387CAF}.Release|Any CPU.ActiveCfg = Release|Any CPU
		{49CA620C-E7AD-11F6-F0EA-F40D85387CAF}.Release|Any CPU.Build.0 = Release|Any CPU
		{49CA620C-E7AD-11F6-F0EA-F40D85387CAF}.Release|x64.ActiveCfg = Release|Any CPU
		{49CA620C-E7AD-11F6-F0EA-F40D85387CAF}.Release|x64.Build.0 = Release|Any CPU
		{49CA620C-E7AD-11F6-F0EA-F40D85387CAF}.Release|x86.ActiveCfg = Release|Any CPU
		{49CA620C-E7AD-11F6-F0EA-F40D85387CAF}.Release|x86.Build.0 = Release|Any CPU
		{AE5CCBCF-7EB9-A4FD-5AC9-D877140DB288}.Debug|Any CPU.ActiveCfg = Debug|Any CPU
		{AE5CCBCF-7EB9-A4FD-5AC9-D877140DB288}.Debug|Any CPU.Build.0 = Debug|Any CPU
		{AE5CCBCF-7EB9-A4FD-5AC9-D877140DB288}.Debug|x64.ActiveCfg = Debug|Any CPU
		{AE5CCBCF-7EB9-A4FD-5AC9-D877140DB288}.Debug|x64.Build.0 = Debug|Any CPU
		{AE5CCBCF-7EB9-A4FD-5AC9-D877140DB288}.Debug|x86.ActiveCfg = Debug|Any CPU
		{AE5CCBCF-7EB9-A4FD-5AC9-D877140DB288}.Debug|x86.Build.0 = Debug|Any CPU
		{AE5CCBCF-7EB9-A4FD-5AC9-D877140DB288}.Release|Any CPU.ActiveCfg = Release|Any CPU
		{AE5CCBCF-7EB9-A4FD-5AC9-D877140DB288}.Release|Any CPU.Build.0 = Release|Any CPU
		{AE5CCBCF-7EB9-A4FD-5AC9-D877140DB288}.Release|x64.ActiveCfg = Release|Any CPU
		{AE5CCBCF-7EB9-A4FD-5AC9-D877140DB288}.Release|x64.Build.0 = Release|Any CPU
		{AE5CCBCF-7EB9-A4FD-5AC9-D877140DB288}.Release|x86.ActiveCfg = Release|Any CPU
		{AE5CCBCF-7EB9-A4FD-5AC9-D877140DB288}.Release|x86.Build.0 = Release|Any CPU
		{C00B7230-DAA8-71BE-E009-9B1B0AFAD07F}.Debug|Any CPU.ActiveCfg = Debug|Any CPU
		{C00B7230-DAA8-71BE-E009-9B1B0AFAD07F}.Debug|Any CPU.Build.0 = Debug|Any CPU
		{C00B7230-DAA8-71BE-E009-9B1B0AFAD07F}.Debug|x64.ActiveCfg = Debug|Any CPU
		{C00B7230-DAA8-71BE-E009-9B1B0AFAD07F}.Debug|x64.Build.0 = Debug|Any CPU
		{C00B7230-DAA8-71BE-E009-9B1B0AFAD07F}.Debug|x86.ActiveCfg = Debug|Any CPU
		{C00B7230-DAA8-71BE-E009-9B1B0AFAD07F}.Debug|x86.Build.0 = Debug|Any CPU
		{C00B7230-DAA8-71BE-E009-9B1B0AFAD07F}.Release|Any CPU.ActiveCfg = Release|Any CPU
		{C00B7230-DAA8-71BE-E009-9B1B0AFAD07F}.Release|Any CPU.Build.0 = Release|Any CPU
		{C00B7230-DAA8-71BE-E009-9B1B0AFAD07F}.Release|x64.ActiveCfg = Release|Any CPU
		{C00B7230-DAA8-71BE-E009-9B1B0AFAD07F}.Release|x64.Build.0 = Release|Any CPU
		{C00B7230-DAA8-71BE-E009-9B1B0AFAD07F}.Release|x86.ActiveCfg = Release|Any CPU
		{C00B7230-DAA8-71BE-E009-9B1B0AFAD07F}.Release|x86.Build.0 = Release|Any CPU
		{DD9894D8-F149-6FFF-FE56-21E3F6A3A09E}.Debug|Any CPU.ActiveCfg = Debug|Any CPU
		{DD9894D8-F149-6FFF-FE56-21E3F6A3A09E}.Debug|Any CPU.Build.0 = Debug|Any CPU
		{DD9894D8-F149-6FFF-FE56-21E3F6A3A09E}.Debug|x64.ActiveCfg = Debug|Any CPU
		{DD9894D8-F149-6FFF-FE56-21E3F6A3A09E}.Debug|x64.Build.0 = Debug|Any CPU
		{DD9894D8-F149-6FFF-FE56-21E3F6A3A09E}.Debug|x86.ActiveCfg = Debug|Any CPU
		{DD9894D8-F149-6FFF-FE56-21E3F6A3A09E}.Debug|x86.Build.0 = Debug|Any CPU
		{DD9894D8-F149-6FFF-FE56-21E3F6A3A09E}.Release|Any CPU.ActiveCfg = Release|Any CPU
		{DD9894D8-F149-6FFF-FE56-21E3F6A3A09E}.Release|Any CPU.Build.0 = Release|Any CPU
		{DD9894D8-F149-6FFF-FE56-21E3F6A3A09E}.Release|x64.ActiveCfg = Release|Any CPU
		{DD9894D8-F149-6FFF-FE56-21E3F6A3A09E}.Release|x64.Build.0 = Release|Any CPU
		{DD9894D8-F149-6FFF-FE56-21E3F6A3A09E}.Release|x86.ActiveCfg = Release|Any CPU
		{DD9894D8-F149-6FFF-FE56-21E3F6A3A09E}.Release|x86.Build.0 = Release|Any CPU
		{012FBC77-F3C6-8A23-E2C1-10B159271115}.Debug|Any CPU.ActiveCfg = Debug|Any CPU
		{012FBC77-F3C6-8A23-E2C1-10B159271115}.Debug|Any CPU.Build.0 = Debug|Any CPU
		{012FBC77-F3C6-8A23-E2C1-10B159271115}.Debug|x64.ActiveCfg = Debug|Any CPU
		{012FBC77-F3C6-8A23-E2C1-10B159271115}.Debug|x64.Build.0 = Debug|Any CPU
		{012FBC77-F3C6-8A23-E2C1-10B159271115}.Debug|x86.ActiveCfg = Debug|Any CPU
		{012FBC77-F3C6-8A23-E2C1-10B159271115}.Debug|x86.Build.0 = Debug|Any CPU
		{012FBC77-F3C6-8A23-E2C1-10B159271115}.Release|Any CPU.ActiveCfg = Release|Any CPU
		{012FBC77-F3C6-8A23-E2C1-10B159271115}.Release|Any CPU.Build.0 = Release|Any CPU
		{012FBC77-F3C6-8A23-E2C1-10B159271115}.Release|x64.ActiveCfg = Release|Any CPU
		{012FBC77-F3C6-8A23-E2C1-10B159271115}.Release|x64.Build.0 = Release|Any CPU
		{012FBC77-F3C6-8A23-E2C1-10B159271115}.Release|x86.ActiveCfg = Release|Any CPU
		{012FBC77-F3C6-8A23-E2C1-10B159271115}.Release|x86.Build.0 = Release|Any CPU
		{CD90421B-4843-7A95-8251-69180BAB4C61}.Debug|Any CPU.ActiveCfg = Debug|Any CPU
		{CD90421B-4843-7A95-8251-69180BAB4C61}.Debug|Any CPU.Build.0 = Debug|Any CPU
		{CD90421B-4843-7A95-8251-69180BAB4C61}.Debug|x64.ActiveCfg = Debug|Any CPU
		{CD90421B-4843-7A95-8251-69180BAB4C61}.Debug|x64.Build.0 = Debug|Any CPU
		{CD90421B-4843-7A95-8251-69180BAB4C61}.Debug|x86.ActiveCfg = Debug|Any CPU
		{CD90421B-4843-7A95-8251-69180BAB4C61}.Debug|x86.Build.0 = Debug|Any CPU
		{CD90421B-4843-7A95-8251-69180BAB4C61}.Release|Any CPU.ActiveCfg = Release|Any CPU
		{CD90421B-4843-7A95-8251-69180BAB4C61}.Release|Any CPU.Build.0 = Release|Any CPU
		{CD90421B-4843-7A95-8251-69180BAB4C61}.Release|x64.ActiveCfg = Release|Any CPU
		{CD90421B-4843-7A95-8251-69180BAB4C61}.Release|x64.Build.0 = Release|Any CPU
		{CD90421B-4843-7A95-8251-69180BAB4C61}.Release|x86.ActiveCfg = Release|Any CPU
		{CD90421B-4843-7A95-8251-69180BAB4C61}.Release|x86.Build.0 = Release|Any CPU
		{D6F421CA-8178-6B82-2DAE-85EA61465773}.Debug|Any CPU.ActiveCfg = Debug|Any CPU
		{D6F421CA-8178-6B82-2DAE-85EA61465773}.Debug|Any CPU.Build.0 = Debug|Any CPU
		{D6F421CA-8178-6B82-2DAE-85EA61465773}.Debug|x64.ActiveCfg = Debug|Any CPU
		{D6F421CA-8178-6B82-2DAE-85EA61465773}.Debug|x64.Build.0 = Debug|Any CPU
		{D6F421CA-8178-6B82-2DAE-85EA61465773}.Debug|x86.ActiveCfg = Debug|Any CPU
		{D6F421CA-8178-6B82-2DAE-85EA61465773}.Debug|x86.Build.0 = Debug|Any CPU
		{D6F421CA-8178-6B82-2DAE-85EA61465773}.Release|Any CPU.ActiveCfg = Release|Any CPU
		{D6F421CA-8178-6B82-2DAE-85EA61465773}.Release|Any CPU.Build.0 = Release|Any CPU
		{D6F421CA-8178-6B82-2DAE-85EA61465773}.Release|x64.ActiveCfg = Release|Any CPU
		{D6F421CA-8178-6B82-2DAE-85EA61465773}.Release|x64.Build.0 = Release|Any CPU
		{D6F421CA-8178-6B82-2DAE-85EA61465773}.Release|x86.ActiveCfg = Release|Any CPU
		{D6F421CA-8178-6B82-2DAE-85EA61465773}.Release|x86.Build.0 = Release|Any CPU
		{EE553E63-ECA7-9CD4-0FD1-3DC37C55EADA}.Debug|Any CPU.ActiveCfg = Debug|Any CPU
		{EE553E63-ECA7-9CD4-0FD1-3DC37C55EADA}.Debug|Any CPU.Build.0 = Debug|Any CPU
		{EE553E63-ECA7-9CD4-0FD1-3DC37C55EADA}.Debug|x64.ActiveCfg = Debug|Any CPU
		{EE553E63-ECA7-9CD4-0FD1-3DC37C55EADA}.Debug|x64.Build.0 = Debug|Any CPU
		{EE553E63-ECA7-9CD4-0FD1-3DC37C55EADA}.Debug|x86.ActiveCfg = Debug|Any CPU
		{EE553E63-ECA7-9CD4-0FD1-3DC37C55EADA}.Debug|x86.Build.0 = Debug|Any CPU
		{EE553E63-ECA7-9CD4-0FD1-3DC37C55EADA}.Release|Any CPU.ActiveCfg = Release|Any CPU
		{EE553E63-ECA7-9CD4-0FD1-3DC37C55EADA}.Release|Any CPU.Build.0 = Release|Any CPU
		{EE553E63-ECA7-9CD4-0FD1-3DC37C55EADA}.Release|x64.ActiveCfg = Release|Any CPU
		{EE553E63-ECA7-9CD4-0FD1-3DC37C55EADA}.Release|x64.Build.0 = Release|Any CPU
		{EE553E63-ECA7-9CD4-0FD1-3DC37C55EADA}.Release|x86.ActiveCfg = Release|Any CPU
		{EE553E63-ECA7-9CD4-0FD1-3DC37C55EADA}.Release|x86.Build.0 = Release|Any CPU
		{C125341E-0BEF-0C26-4AB5-B9DA4614D764}.Debug|Any CPU.ActiveCfg = Debug|Any CPU
		{C125341E-0BEF-0C26-4AB5-B9DA4614D764}.Debug|Any CPU.Build.0 = Debug|Any CPU
		{C125341E-0BEF-0C26-4AB5-B9DA4614D764}.Debug|x64.ActiveCfg = Debug|Any CPU
		{C125341E-0BEF-0C26-4AB5-B9DA4614D764}.Debug|x64.Build.0 = Debug|Any CPU
		{C125341E-0BEF-0C26-4AB5-B9DA4614D764}.Debug|x86.ActiveCfg = Debug|Any CPU
		{C125341E-0BEF-0C26-4AB5-B9DA4614D764}.Debug|x86.Build.0 = Debug|Any CPU
		{C125341E-0BEF-0C26-4AB5-B9DA4614D764}.Release|Any CPU.ActiveCfg = Release|Any CPU
		{C125341E-0BEF-0C26-4AB5-B9DA4614D764}.Release|Any CPU.Build.0 = Release|Any CPU
		{C125341E-0BEF-0C26-4AB5-B9DA4614D764}.Release|x64.ActiveCfg = Release|Any CPU
		{C125341E-0BEF-0C26-4AB5-B9DA4614D764}.Release|x64.Build.0 = Release|Any CPU
		{C125341E-0BEF-0C26-4AB5-B9DA4614D764}.Release|x86.ActiveCfg = Release|Any CPU
		{C125341E-0BEF-0C26-4AB5-B9DA4614D764}.Release|x86.Build.0 = Release|Any CPU
		{980C15C3-3BCC-FE29-9A07-1BB0E6568289}.Debug|Any CPU.ActiveCfg = Debug|Any CPU
		{980C15C3-3BCC-FE29-9A07-1BB0E6568289}.Debug|Any CPU.Build.0 = Debug|Any CPU
		{980C15C3-3BCC-FE29-9A07-1BB0E6568289}.Debug|x64.ActiveCfg = Debug|Any CPU
		{980C15C3-3BCC-FE29-9A07-1BB0E6568289}.Debug|x64.Build.0 = Debug|Any CPU
		{980C15C3-3BCC-FE29-9A07-1BB0E6568289}.Debug|x86.ActiveCfg = Debug|Any CPU
		{980C15C3-3BCC-FE29-9A07-1BB0E6568289}.Debug|x86.Build.0 = Debug|Any CPU
		{980C15C3-3BCC-FE29-9A07-1BB0E6568289}.Release|Any CPU.ActiveCfg = Release|Any CPU
		{980C15C3-3BCC-FE29-9A07-1BB0E6568289}.Release|Any CPU.Build.0 = Release|Any CPU
		{980C15C3-3BCC-FE29-9A07-1BB0E6568289}.Release|x64.ActiveCfg = Release|Any CPU
		{980C15C3-3BCC-FE29-9A07-1BB0E6568289}.Release|x64.Build.0 = Release|Any CPU
		{980C15C3-3BCC-FE29-9A07-1BB0E6568289}.Release|x86.ActiveCfg = Release|Any CPU
		{980C15C3-3BCC-FE29-9A07-1BB0E6568289}.Release|x86.Build.0 = Release|Any CPU
		{9E6A3206-3C07-802D-6FAA-D4A08554FED3}.Debug|Any CPU.ActiveCfg = Debug|Any CPU
		{9E6A3206-3C07-802D-6FAA-D4A08554FED3}.Debug|Any CPU.Build.0 = Debug|Any CPU
		{9E6A3206-3C07-802D-6FAA-D4A08554FED3}.Debug|x64.ActiveCfg = Debug|Any CPU
		{9E6A3206-3C07-802D-6FAA-D4A08554FED3}.Debug|x64.Build.0 = Debug|Any CPU
		{9E6A3206-3C07-802D-6FAA-D4A08554FED3}.Debug|x86.ActiveCfg = Debug|Any CPU
		{9E6A3206-3C07-802D-6FAA-D4A08554FED3}.Debug|x86.Build.0 = Debug|Any CPU
		{9E6A3206-3C07-802D-6FAA-D4A08554FED3}.Release|Any CPU.ActiveCfg = Release|Any CPU
		{9E6A3206-3C07-802D-6FAA-D4A08554FED3}.Release|Any CPU.Build.0 = Release|Any CPU
		{9E6A3206-3C07-802D-6FAA-D4A08554FED3}.Release|x64.ActiveCfg = Release|Any CPU
		{9E6A3206-3C07-802D-6FAA-D4A08554FED3}.Release|x64.Build.0 = Release|Any CPU
		{9E6A3206-3C07-802D-6FAA-D4A08554FED3}.Release|x86.ActiveCfg = Release|Any CPU
		{9E6A3206-3C07-802D-6FAA-D4A08554FED3}.Release|x86.Build.0 = Release|Any CPU
		{B32F4B80-6BB4-2ABD-DBBF-3255AD12C571}.Debug|Any CPU.ActiveCfg = Debug|Any CPU
		{B32F4B80-6BB4-2ABD-DBBF-3255AD12C571}.Debug|Any CPU.Build.0 = Debug|Any CPU
		{B32F4B80-6BB4-2ABD-DBBF-3255AD12C571}.Debug|x64.ActiveCfg = Debug|Any CPU
		{B32F4B80-6BB4-2ABD-DBBF-3255AD12C571}.Debug|x64.Build.0 = Debug|Any CPU
		{B32F4B80-6BB4-2ABD-DBBF-3255AD12C571}.Debug|x86.ActiveCfg = Debug|Any CPU
		{B32F4B80-6BB4-2ABD-DBBF-3255AD12C571}.Debug|x86.Build.0 = Debug|Any CPU
		{B32F4B80-6BB4-2ABD-DBBF-3255AD12C571}.Release|Any CPU.ActiveCfg = Release|Any CPU
		{B32F4B80-6BB4-2ABD-DBBF-3255AD12C571}.Release|Any CPU.Build.0 = Release|Any CPU
		{B32F4B80-6BB4-2ABD-DBBF-3255AD12C571}.Release|x64.ActiveCfg = Release|Any CPU
		{B32F4B80-6BB4-2ABD-DBBF-3255AD12C571}.Release|x64.Build.0 = Release|Any CPU
		{B32F4B80-6BB4-2ABD-DBBF-3255AD12C571}.Release|x86.ActiveCfg = Release|Any CPU
		{B32F4B80-6BB4-2ABD-DBBF-3255AD12C571}.Release|x86.Build.0 = Release|Any CPU
		{D46CDE63-9107-A0BA-2FDC-1DC93EAC9265}.Debug|Any CPU.ActiveCfg = Debug|Any CPU
		{D46CDE63-9107-A0BA-2FDC-1DC93EAC9265}.Debug|Any CPU.Build.0 = Debug|Any CPU
		{D46CDE63-9107-A0BA-2FDC-1DC93EAC9265}.Debug|x64.ActiveCfg = Debug|Any CPU
		{D46CDE63-9107-A0BA-2FDC-1DC93EAC9265}.Debug|x64.Build.0 = Debug|Any CPU
		{D46CDE63-9107-A0BA-2FDC-1DC93EAC9265}.Debug|x86.ActiveCfg = Debug|Any CPU
		{D46CDE63-9107-A0BA-2FDC-1DC93EAC9265}.Debug|x86.Build.0 = Debug|Any CPU
		{D46CDE63-9107-A0BA-2FDC-1DC93EAC9265}.Release|Any CPU.ActiveCfg = Release|Any CPU
		{D46CDE63-9107-A0BA-2FDC-1DC93EAC9265}.Release|Any CPU.Build.0 = Release|Any CPU
		{D46CDE63-9107-A0BA-2FDC-1DC93EAC9265}.Release|x64.ActiveCfg = Release|Any CPU
		{D46CDE63-9107-A0BA-2FDC-1DC93EAC9265}.Release|x64.Build.0 = Release|Any CPU
		{D46CDE63-9107-A0BA-2FDC-1DC93EAC9265}.Release|x86.ActiveCfg = Release|Any CPU
		{D46CDE63-9107-A0BA-2FDC-1DC93EAC9265}.Release|x86.Build.0 = Release|Any CPU
		{32FD14CC-A7C7-AD95-3686-2E1CE4178D1A}.Debug|Any CPU.ActiveCfg = Debug|Any CPU
		{32FD14CC-A7C7-AD95-3686-2E1CE4178D1A}.Debug|Any CPU.Build.0 = Debug|Any CPU
		{32FD14CC-A7C7-AD95-3686-2E1CE4178D1A}.Debug|x64.ActiveCfg = Debug|Any CPU
		{32FD14CC-A7C7-AD95-3686-2E1CE4178D1A}.Debug|x64.Build.0 = Debug|Any CPU
		{32FD14CC-A7C7-AD95-3686-2E1CE4178D1A}.Debug|x86.ActiveCfg = Debug|Any CPU
		{32FD14CC-A7C7-AD95-3686-2E1CE4178D1A}.Debug|x86.Build.0 = Debug|Any CPU
		{32FD14CC-A7C7-AD95-3686-2E1CE4178D1A}.Release|Any CPU.ActiveCfg = Release|Any CPU
		{32FD14CC-A7C7-AD95-3686-2E1CE4178D1A}.Release|Any CPU.Build.0 = Release|Any CPU
		{32FD14CC-A7C7-AD95-3686-2E1CE4178D1A}.Release|x64.ActiveCfg = Release|Any CPU
		{32FD14CC-A7C7-AD95-3686-2E1CE4178D1A}.Release|x64.Build.0 = Release|Any CPU
		{32FD14CC-A7C7-AD95-3686-2E1CE4178D1A}.Release|x86.ActiveCfg = Release|Any CPU
		{32FD14CC-A7C7-AD95-3686-2E1CE4178D1A}.Release|x86.Build.0 = Release|Any CPU
		{19757CC0-AC15-1C09-2ED1-9B89645DC580}.Debug|Any CPU.ActiveCfg = Debug|Any CPU
		{19757CC0-AC15-1C09-2ED1-9B89645DC580}.Debug|Any CPU.Build.0 = Debug|Any CPU
		{19757CC0-AC15-1C09-2ED1-9B89645DC580}.Debug|x64.ActiveCfg = Debug|Any CPU
		{19757CC0-AC15-1C09-2ED1-9B89645DC580}.Debug|x64.Build.0 = Debug|Any CPU
		{19757CC0-AC15-1C09-2ED1-9B89645DC580}.Debug|x86.ActiveCfg = Debug|Any CPU
		{19757CC0-AC15-1C09-2ED1-9B89645DC580}.Debug|x86.Build.0 = Debug|Any CPU
		{19757CC0-AC15-1C09-2ED1-9B89645DC580}.Release|Any CPU.ActiveCfg = Release|Any CPU
		{19757CC0-AC15-1C09-2ED1-9B89645DC580}.Release|Any CPU.Build.0 = Release|Any CPU
		{19757CC0-AC15-1C09-2ED1-9B89645DC580}.Release|x64.ActiveCfg = Release|Any CPU
		{19757CC0-AC15-1C09-2ED1-9B89645DC580}.Release|x64.Build.0 = Release|Any CPU
		{19757CC0-AC15-1C09-2ED1-9B89645DC580}.Release|x86.ActiveCfg = Release|Any CPU
		{19757CC0-AC15-1C09-2ED1-9B89645DC580}.Release|x86.Build.0 = Release|Any CPU
		{9B766A7C-B1EE-4C7F-A0CF-59EB8BFF5BB2}.Debug|Any CPU.ActiveCfg = Debug|Any CPU
		{9B766A7C-B1EE-4C7F-A0CF-59EB8BFF5BB2}.Debug|Any CPU.Build.0 = Debug|Any CPU
		{9B766A7C-B1EE-4C7F-A0CF-59EB8BFF5BB2}.Debug|x64.ActiveCfg = Debug|Any CPU
		{9B766A7C-B1EE-4C7F-A0CF-59EB8BFF5BB2}.Debug|x64.Build.0 = Debug|Any CPU
		{9B766A7C-B1EE-4C7F-A0CF-59EB8BFF5BB2}.Debug|x86.ActiveCfg = Debug|Any CPU
		{9B766A7C-B1EE-4C7F-A0CF-59EB8BFF5BB2}.Debug|x86.Build.0 = Debug|Any CPU
		{9B766A7C-B1EE-4C7F-A0CF-59EB8BFF5BB2}.Release|Any CPU.ActiveCfg = Release|Any CPU
		{9B766A7C-B1EE-4C7F-A0CF-59EB8BFF5BB2}.Release|Any CPU.Build.0 = Release|Any CPU
		{9B766A7C-B1EE-4C7F-A0CF-59EB8BFF5BB2}.Release|x64.ActiveCfg = Release|Any CPU
		{9B766A7C-B1EE-4C7F-A0CF-59EB8BFF5BB2}.Release|x64.Build.0 = Release|Any CPU
		{9B766A7C-B1EE-4C7F-A0CF-59EB8BFF5BB2}.Release|x86.ActiveCfg = Release|Any CPU
		{9B766A7C-B1EE-4C7F-A0CF-59EB8BFF5BB2}.Release|x86.Build.0 = Release|Any CPU
		{41800D55-FA29-43E0-A05F-830325284774}.Debug|Any CPU.ActiveCfg = Debug|Any CPU
		{41800D55-FA29-43E0-A05F-830325284774}.Debug|Any CPU.Build.0 = Debug|Any CPU
		{41800D55-FA29-43E0-A05F-830325284774}.Debug|x64.ActiveCfg = Debug|Any CPU
		{41800D55-FA29-43E0-A05F-830325284774}.Debug|x64.Build.0 = Debug|Any CPU
		{41800D55-FA29-43E0-A05F-830325284774}.Debug|x86.ActiveCfg = Debug|Any CPU
		{41800D55-FA29-43E0-A05F-830325284774}.Debug|x86.Build.0 = Debug|Any CPU
		{41800D55-FA29-43E0-A05F-830325284774}.Release|Any CPU.ActiveCfg = Release|Any CPU
		{41800D55-FA29-43E0-A05F-830325284774}.Release|Any CPU.Build.0 = Release|Any CPU
		{41800D55-FA29-43E0-A05F-830325284774}.Release|x64.ActiveCfg = Release|Any CPU
		{41800D55-FA29-43E0-A05F-830325284774}.Release|x64.Build.0 = Release|Any CPU
		{41800D55-FA29-43E0-A05F-830325284774}.Release|x86.ActiveCfg = Release|Any CPU
		{41800D55-FA29-43E0-A05F-830325284774}.Release|x86.Build.0 = Release|Any CPU
		{E80AD2FC-5744-4878-8852-58F015C6C3FF}.Debug|Any CPU.ActiveCfg = Debug|Any CPU
		{E80AD2FC-5744-4878-8852-58F015C6C3FF}.Debug|Any CPU.Build.0 = Debug|Any CPU
		{E80AD2FC-5744-4878-8852-58F015C6C3FF}.Debug|x64.ActiveCfg = Debug|Any CPU
		{E80AD2FC-5744-4878-8852-58F015C6C3FF}.Debug|x64.Build.0 = Debug|Any CPU
		{E80AD2FC-5744-4878-8852-58F015C6C3FF}.Debug|x86.ActiveCfg = Debug|Any CPU
		{E80AD2FC-5744-4878-8852-58F015C6C3FF}.Debug|x86.Build.0 = Debug|Any CPU
		{E80AD2FC-5744-4878-8852-58F015C6C3FF}.Release|Any CPU.ActiveCfg = Release|Any CPU
		{E80AD2FC-5744-4878-8852-58F015C6C3FF}.Release|Any CPU.Build.0 = Release|Any CPU
		{E80AD2FC-5744-4878-8852-58F015C6C3FF}.Release|x64.ActiveCfg = Release|Any CPU
		{E80AD2FC-5744-4878-8852-58F015C6C3FF}.Release|x64.Build.0 = Release|Any CPU
		{E80AD2FC-5744-4878-8852-58F015C6C3FF}.Release|x86.ActiveCfg = Release|Any CPU
		{E80AD2FC-5744-4878-8852-58F015C6C3FF}.Release|x86.Build.0 = Release|Any CPU
		{DDE6CBC9-9CB2-4AA6-BB4F-F05B99003BF2}.Debug|Any CPU.ActiveCfg = Debug|Any CPU
		{DDE6CBC9-9CB2-4AA6-BB4F-F05B99003BF2}.Debug|Any CPU.Build.0 = Debug|Any CPU
		{DDE6CBC9-9CB2-4AA6-BB4F-F05B99003BF2}.Debug|x64.ActiveCfg = Debug|Any CPU
		{DDE6CBC9-9CB2-4AA6-BB4F-F05B99003BF2}.Debug|x64.Build.0 = Debug|Any CPU
		{DDE6CBC9-9CB2-4AA6-BB4F-F05B99003BF2}.Debug|x86.ActiveCfg = Debug|Any CPU
		{DDE6CBC9-9CB2-4AA6-BB4F-F05B99003BF2}.Debug|x86.Build.0 = Debug|Any CPU
		{DDE6CBC9-9CB2-4AA6-BB4F-F05B99003BF2}.Release|Any CPU.ActiveCfg = Release|Any CPU
		{DDE6CBC9-9CB2-4AA6-BB4F-F05B99003BF2}.Release|Any CPU.Build.0 = Release|Any CPU
		{DDE6CBC9-9CB2-4AA6-BB4F-F05B99003BF2}.Release|x64.ActiveCfg = Release|Any CPU
		{DDE6CBC9-9CB2-4AA6-BB4F-F05B99003BF2}.Release|x64.Build.0 = Release|Any CPU
		{DDE6CBC9-9CB2-4AA6-BB4F-F05B99003BF2}.Release|x86.ActiveCfg = Release|Any CPU
		{DDE6CBC9-9CB2-4AA6-BB4F-F05B99003BF2}.Release|x86.Build.0 = Release|Any CPU
		{0A977E98-DD12-4654-BB29-422C4523C24A}.Debug|Any CPU.ActiveCfg = Debug|Any CPU
		{0A977E98-DD12-4654-BB29-422C4523C24A}.Debug|Any CPU.Build.0 = Debug|Any CPU
		{0A977E98-DD12-4654-BB29-422C4523C24A}.Debug|x64.ActiveCfg = Debug|Any CPU
		{0A977E98-DD12-4654-BB29-422C4523C24A}.Debug|x64.Build.0 = Debug|Any CPU
		{0A977E98-DD12-4654-BB29-422C4523C24A}.Debug|x86.ActiveCfg = Debug|Any CPU
		{0A977E98-DD12-4654-BB29-422C4523C24A}.Debug|x86.Build.0 = Debug|Any CPU
		{0A977E98-DD12-4654-BB29-422C4523C24A}.Release|Any CPU.ActiveCfg = Release|Any CPU
		{0A977E98-DD12-4654-BB29-422C4523C24A}.Release|Any CPU.Build.0 = Release|Any CPU
		{0A977E98-DD12-4654-BB29-422C4523C24A}.Release|x64.ActiveCfg = Release|Any CPU
		{0A977E98-DD12-4654-BB29-422C4523C24A}.Release|x64.Build.0 = Release|Any CPU
		{0A977E98-DD12-4654-BB29-422C4523C24A}.Release|x86.ActiveCfg = Release|Any CPU
		{0A977E98-DD12-4654-BB29-422C4523C24A}.Release|x86.Build.0 = Release|Any CPU
		{FA6A2A24-E218-4DF9-B159-6E8D46EFF481}.Debug|Any CPU.ActiveCfg = Debug|Any CPU
		{FA6A2A24-E218-4DF9-B159-6E8D46EFF481}.Debug|Any CPU.Build.0 = Debug|Any CPU
		{FA6A2A24-E218-4DF9-B159-6E8D46EFF481}.Debug|x64.ActiveCfg = Debug|Any CPU
		{FA6A2A24-E218-4DF9-B159-6E8D46EFF481}.Debug|x64.Build.0 = Debug|Any CPU
		{FA6A2A24-E218-4DF9-B159-6E8D46EFF481}.Debug|x86.ActiveCfg = Debug|Any CPU
		{FA6A2A24-E218-4DF9-B159-6E8D46EFF481}.Debug|x86.Build.0 = Debug|Any CPU
		{FA6A2A24-E218-4DF9-B159-6E8D46EFF481}.Release|Any CPU.ActiveCfg = Release|Any CPU
		{FA6A2A24-E218-4DF9-B159-6E8D46EFF481}.Release|Any CPU.Build.0 = Release|Any CPU
		{FA6A2A24-E218-4DF9-B159-6E8D46EFF481}.Release|x64.ActiveCfg = Release|Any CPU
		{FA6A2A24-E218-4DF9-B159-6E8D46EFF481}.Release|x64.Build.0 = Release|Any CPU
		{FA6A2A24-E218-4DF9-B159-6E8D46EFF481}.Release|x86.ActiveCfg = Release|Any CPU
		{FA6A2A24-E218-4DF9-B159-6E8D46EFF481}.Release|x86.Build.0 = Release|Any CPU
		{E205BB9C-7305-480A-A8CA-BA872D56DB89}.Debug|Any CPU.ActiveCfg = Debug|Any CPU
		{E205BB9C-7305-480A-A8CA-BA872D56DB89}.Debug|Any CPU.Build.0 = Debug|Any CPU
		{E205BB9C-7305-480A-A8CA-BA872D56DB89}.Debug|x64.ActiveCfg = Debug|Any CPU
		{E205BB9C-7305-480A-A8CA-BA872D56DB89}.Debug|x64.Build.0 = Debug|Any CPU
		{E205BB9C-7305-480A-A8CA-BA872D56DB89}.Debug|x86.ActiveCfg = Debug|Any CPU
		{E205BB9C-7305-480A-A8CA-BA872D56DB89}.Debug|x86.Build.0 = Debug|Any CPU
		{E205BB9C-7305-480A-A8CA-BA872D56DB89}.Release|Any CPU.ActiveCfg = Release|Any CPU
		{E205BB9C-7305-480A-A8CA-BA872D56DB89}.Release|Any CPU.Build.0 = Release|Any CPU
		{E205BB9C-7305-480A-A8CA-BA872D56DB89}.Release|x64.ActiveCfg = Release|Any CPU
		{E205BB9C-7305-480A-A8CA-BA872D56DB89}.Release|x64.Build.0 = Release|Any CPU
		{E205BB9C-7305-480A-A8CA-BA872D56DB89}.Release|x86.ActiveCfg = Release|Any CPU
		{E205BB9C-7305-480A-A8CA-BA872D56DB89}.Release|x86.Build.0 = Release|Any CPU
		{A1B2C3D4-E5F6-4A5B-9C8D-7E6F5A4B3C2D}.Debug|Any CPU.ActiveCfg = Debug|Any CPU
		{A1B2C3D4-E5F6-4A5B-9C8D-7E6F5A4B3C2D}.Debug|Any CPU.Build.0 = Debug|Any CPU
		{A1B2C3D4-E5F6-4A5B-9C8D-7E6F5A4B3C2D}.Debug|x64.ActiveCfg = Debug|Any CPU
		{A1B2C3D4-E5F6-4A5B-9C8D-7E6F5A4B3C2D}.Debug|x64.Build.0 = Debug|Any CPU
		{A1B2C3D4-E5F6-4A5B-9C8D-7E6F5A4B3C2D}.Debug|x86.ActiveCfg = Debug|Any CPU
		{A1B2C3D4-E5F6-4A5B-9C8D-7E6F5A4B3C2D}.Debug|x86.Build.0 = Debug|Any CPU
		{A1B2C3D4-E5F6-4A5B-9C8D-7E6F5A4B3C2D}.Release|Any CPU.ActiveCfg = Release|Any CPU
		{A1B2C3D4-E5F6-4A5B-9C8D-7E6F5A4B3C2D}.Release|Any CPU.Build.0 = Release|Any CPU
		{A1B2C3D4-E5F6-4A5B-9C8D-7E6F5A4B3C2D}.Release|x64.ActiveCfg = Release|Any CPU
		{A1B2C3D4-E5F6-4A5B-9C8D-7E6F5A4B3C2D}.Release|x64.Build.0 = Release|Any CPU
		{A1B2C3D4-E5F6-4A5B-9C8D-7E6F5A4B3C2D}.Release|x86.ActiveCfg = Release|Any CPU
		{A1B2C3D4-E5F6-4A5B-9C8D-7E6F5A4B3C2D}.Release|x86.Build.0 = Release|Any CPU
		{B2C3D4E5-F6A7-4B5C-AD8E-8F7A6B5C4D3E}.Debug|Any CPU.ActiveCfg = Debug|Any CPU
		{B2C3D4E5-F6A7-4B5C-AD8E-8F7A6B5C4D3E}.Debug|Any CPU.Build.0 = Debug|Any CPU
		{B2C3D4E5-F6A7-4B5C-AD8E-8F7A6B5C4D3E}.Debug|x64.ActiveCfg = Debug|Any CPU
		{B2C3D4E5-F6A7-4B5C-AD8E-8F7A6B5C4D3E}.Debug|x64.Build.0 = Debug|Any CPU
		{B2C3D4E5-F6A7-4B5C-AD8E-8F7A6B5C4D3E}.Debug|x86.ActiveCfg = Debug|Any CPU
		{B2C3D4E5-F6A7-4B5C-AD8E-8F7A6B5C4D3E}.Debug|x86.Build.0 = Debug|Any CPU
		{B2C3D4E5-F6A7-4B5C-AD8E-8F7A6B5C4D3E}.Release|Any CPU.ActiveCfg = Release|Any CPU
		{B2C3D4E5-F6A7-4B5C-AD8E-8F7A6B5C4D3E}.Release|Any CPU.Build.0 = Release|Any CPU
		{B2C3D4E5-F6A7-4B5C-AD8E-8F7A6B5C4D3E}.Release|x64.ActiveCfg = Release|Any CPU
		{B2C3D4E5-F6A7-4B5C-AD8E-8F7A6B5C4D3E}.Release|x64.Build.0 = Release|Any CPU
		{B2C3D4E5-F6A7-4B5C-AD8E-8F7A6B5C4D3E}.Release|x86.ActiveCfg = Release|Any CPU
		{B2C3D4E5-F6A7-4B5C-AD8E-8F7A6B5C4D3E}.Release|x86.Build.0 = Release|Any CPU
	EndGlobalSection
	GlobalSection(SolutionProperties) = preSolution
		HideSolutionNode = FALSE
	EndGlobalSection
	GlobalSection(NestedProjects) = preSolution
		{913466DA-FF03-31F2-3A31-888566D2FABB} = {07C2787E-EAC7-C090-1BA3-A61EC2A24D84}
		{6CF973D1-08B1-C6EB-A1C0-B7197F97F6CE} = {B1292CBF-CB5E-31CF-04F4-73CB58F131DA}
		{D7C4252D-68F4-A045-E1BB-9AA12E1537A9} = {B1292CBF-CB5E-31CF-04F4-73CB58F131DA}
		{1A3B2777-B67E-8D86-1107-02B79E27AA84} = {5854FF58-B8C5-05C6-5BF2-ACE42193F22B}
		{B9C981D0-07A6-5841-641D-4E6AC5E0D21F} = {5854FF58-B8C5-05C6-5BF2-ACE42193F22B}
		{49CA620C-E7AD-11F6-F0EA-F40D85387CAF} = {5854FF58-B8C5-05C6-5BF2-ACE42193F22B}
		{AE5CCBCF-7EB9-A4FD-5AC9-D877140DB288} = {5854FF58-B8C5-05C6-5BF2-ACE42193F22B}
		{C00B7230-DAA8-71BE-E009-9B1B0AFAD07F} = {5854FF58-B8C5-05C6-5BF2-ACE42193F22B}
		{EE5FB827-88C2-0FEA-1B8E-AB134EC692B2} = {5854FF58-B8C5-05C6-5BF2-ACE42193F22B}
		{DD9894D8-F149-6FFF-FE56-21E3F6A3A09E} = {EE5FB827-88C2-0FEA-1B8E-AB134EC692B2}
		{012FBC77-F3C6-8A23-E2C1-10B159271115} = {5854FF58-B8C5-05C6-5BF2-ACE42193F22B}
		{CD90421B-4843-7A95-8251-69180BAB4C61} = {5854FF58-B8C5-05C6-5BF2-ACE42193F22B}
		{D6F421CA-8178-6B82-2DAE-85EA61465773} = {5854FF58-B8C5-05C6-5BF2-ACE42193F22B}
		{ABB082B4-833B-A0CD-B655-86D7DB70B2FA} = {5854FF58-B8C5-05C6-5BF2-ACE42193F22B}
		{EE553E63-ECA7-9CD4-0FD1-3DC37C55EADA} = {ABB082B4-833B-A0CD-B655-86D7DB70B2FA}
		{C125341E-0BEF-0C26-4AB5-B9DA4614D764} = {5854FF58-B8C5-05C6-5BF2-ACE42193F22B}
		{980C15C3-3BCC-FE29-9A07-1BB0E6568289} = {5854FF58-B8C5-05C6-5BF2-ACE42193F22B}
		{9E6A3206-3C07-802D-6FAA-D4A08554FED3} = {5854FF58-B8C5-05C6-5BF2-ACE42193F22B}
		{B32F4B80-6BB4-2ABD-DBBF-3255AD12C571} = {5854FF58-B8C5-05C6-5BF2-ACE42193F22B}
		{D46CDE63-9107-A0BA-2FDC-1DC93EAC9265} = {5854FF58-B8C5-05C6-5BF2-ACE42193F22B}
		{A5EA1F1E-CB03-3F21-7936-AD93D9E269C9} = {5854FF58-B8C5-05C6-5BF2-ACE42193F22B}
		{32FD14CC-A7C7-AD95-3686-2E1CE4178D1A} = {A5EA1F1E-CB03-3F21-7936-AD93D9E269C9}
		{7C6DD342-9C62-5622-C251-672FE1D912D3} = {5854FF58-B8C5-05C6-5BF2-ACE42193F22B}
		{19757CC0-AC15-1C09-2ED1-9B89645DC580} = {7C6DD342-9C62-5622-C251-672FE1D912D3}
		{FAA8119B-AA7A-1BC1-126F-7760766D0C16} = {827E0CD3-B72D-47B6-A68D-7590B98EB39B}
		{9B766A7C-B1EE-4C7F-A0CF-59EB8BFF5BB2} = {FAA8119B-AA7A-1BC1-126F-7760766D0C16}
		{41800D55-FA29-43E0-A05F-830325284774} = {0AB3BF05-4346-4AA6-1389-037BE0695223}
		{E80AD2FC-5744-4878-8852-58F015C6C3FF} = {0AB3BF05-4346-4AA6-1389-037BE0695223}
		{DDE6CBC9-9CB2-4AA6-BB4F-F05B99003BF2} = {5854FF58-B8C5-05C6-5BF2-ACE42193F22B}
		{FA6A2A24-E218-4DF9-B159-6E8D46EFF481} = {5854FF58-B8C5-05C6-5BF2-ACE42193F22B}
		{0A977E98-DD12-4654-BB29-422C4523C24A} = {0AB3BF05-4346-4AA6-1389-037BE0695223}
		{E205BB9C-7305-480A-A8CA-BA872D56DB89} = {0AB3BF05-4346-4AA6-1389-037BE0695223}
		{A1B2C3D4-E5F6-4A5B-9C8D-7E6F5A4B3C2D} = {5854FF58-B8C5-05C6-5BF2-ACE42193F22B}
		{B2C3D4E5-F6A7-4B5C-AD8E-8F7A6B5C4D3E} = {5854FF58-B8C5-05C6-5BF2-ACE42193F22B}
	EndGlobalSection
	GlobalSection(ExtensibilityGlobals) = postSolution
		SolutionGuid = {C10C3349-5BEE-4B34-9987-23F0142F9D98}
	EndGlobalSection
EndGlobal
